
Microsoft Visual Studio Solution File, Format Version 12.00
# Visual Studio Version 16
VisualStudioVersion = 16.0.30011.22
MinimumVisualStudioVersion = 10.0.40219.1
Project("{9A19103F-16F7-4668-BE54-9A1E7A4F7556}") = "TollBooth", "..\starter\TollBooth\TollBooth.csproj", "{006A0BF1-F239-48C2-9E19-266D8E14A337}"
EndProject
Project("{FAE04EC0-301F-11D3-BF4B-00C04F79EFBC}") = "UploadImages", "..\starter\UploadImages\UploadImages.csproj", "{A7110625-77CF-45DD-920F-F35E8A4740BB}"
EndProject
Global
	GlobalSection(SolutionConfigurationPlatforms) = preSolution
		Debug|Any CPU = Debug|Any CPU
		Release|Any CPU = Release|Any CPU
	EndGlobalSection
	GlobalSection(ProjectConfigurationPlatforms) = postSolution
		{006A0BF1-F239-48C2-9E19-266D8E14A337}.Debug|Any CPU.ActiveCfg = Debug|Any CPU
		{006A0BF1-F239-48C2-9E19-266D8E14A337}.Debug|Any CPU.Build.0 = Debug|Any CPU
		{006A0BF1-F239-48C2-9E19-266D8E14A337}.Release|Any CPU.ActiveCfg = Release|Any CPU
		{006A0BF1-F239-48C2-9E19-266D8E14A337}.Release|Any CPU.Build.0 = Release|Any CPU
		{A7110625-77CF-45DD-920F-F35E8A4740BB}.Debug|Any CPU.ActiveCfg = Debug|Any CPU
		{A7110625-77CF-45DD-920F-F35E8A4740BB}.Debug|Any CPU.Build.0 = Debug|Any CPU
		{A7110625-77CF-45DD-920F-F35E8A4740BB}.Release|Any CPU.ActiveCfg = Release|Any CPU
		{A7110625-77CF-45DD-920F-F35E8A4740BB}.Release|Any CPU.Build.0 = Release|Any CPU
	EndGlobalSection
	GlobalSection(SolutionProperties) = preSolution
		HideSolutionNode = FALSE
	EndGlobalSection
	GlobalSection(ExtensibilityGlobals) = postSolution
		SolutionGuid = {73100AD3-C4B3-4768-982D-082FB773AC13}
	EndGlobalSection
EndGlobal
